
Microsoft Visual Studio Solution File, Format Version 12.00
# Visual Studio 15
VisualStudioVersion = 15.0.27130.2010
MinimumVisualStudioVersion = 10.0.40219.1
Project("{FAE04EC0-301F-11D3-BF4B-00C04F79EFBC}") = "DependencyWalker", "DependencyWalker\DependencyWalker.csproj", "{2D1C37AA-3256-41B9-8738-9E9F930BDEB5}"
EndProject
Project("{FAE04EC0-301F-11D3-BF4B-00C04F79EFBC}") = "DependencyWalker.UnitTests", "UnitTestProject1\DependencyWalker.UnitTests.csproj", "{8FBD8DB2-774B-4539-9BF5-89CD3BD241A2}"
EndProject
Project("{FAE04EC0-301F-11D3-BF4B-00C04F79EFBC}") = "CircleFinder", "CircleFinder\CircleFinder.csproj", "{BD12D691-5F2B-420D-A744-274597000539}"
EndProject
Project("{FAE04EC0-301F-11D3-BF4B-00C04F79EFBC}") = "VisibleDependencies", "VisibleDependencies\VisibleDependencies.csproj", "{C67DD64D-4270-46E3-B494-DDC3656DA265}"
EndProject
Project("{FAE04EC0-301F-11D3-BF4B-00C04F79EFBC}") = "Stability", "Stability\Stability.csproj", "{53FFD01C-0606-4630-99ED-E24CE0ECE874}"
EndProject
Project("{FAE04EC0-301F-11D3-BF4B-00C04F79EFBC}") = "Stability.UnitTest", "Stability.UnitTest\Stability.UnitTest.csproj", "{4613044B-A302-4CD2-A495-62A2E4E445FF}"
EndProject
Global
	GlobalSection(SolutionConfigurationPlatforms) = preSolution
		Debug|Any CPU = Debug|Any CPU
		Release|Any CPU = Release|Any CPU
	EndGlobalSection
	GlobalSection(ProjectConfigurationPlatforms) = postSolution
		{2D1C37AA-3256-41B9-8738-9E9F930BDEB5}.Debug|Any CPU.ActiveCfg = Debug|Any CPU
		{2D1C37AA-3256-41B9-8738-9E9F930BDEB5}.Debug|Any CPU.Build.0 = Debug|Any CPU
		{2D1C37AA-3256-41B9-8738-9E9F930BDEB5}.Release|Any CPU.ActiveCfg = Release|Any CPU
		{2D1C37AA-3256-41B9-8738-9E9F930BDEB5}.Release|Any CPU.Build.0 = Release|Any CPU
		{8FBD8DB2-774B-4539-9BF5-89CD3BD241A2}.Debug|Any CPU.ActiveCfg = Debug|Any CPU
		{8FBD8DB2-774B-4539-9BF5-89CD3BD241A2}.Debug|Any CPU.Build.0 = Debug|Any CPU
		{8FBD8DB2-774B-4539-9BF5-89CD3BD241A2}.Release|Any CPU.ActiveCfg = Release|Any CPU
		{8FBD8DB2-774B-4539-9BF5-89CD3BD241A2}.Release|Any CPU.Build.0 = Release|Any CPU
		{BD12D691-5F2B-420D-A744-274597000539}.Debug|Any CPU.ActiveCfg = Debug|Any CPU
		{BD12D691-5F2B-420D-A744-274597000539}.Debug|Any CPU.Build.0 = Debug|Any CPU
		{BD12D691-5F2B-420D-A744-274597000539}.Release|Any CPU.ActiveCfg = Release|Any CPU
		{BD12D691-5F2B-420D-A744-274597000539}.Release|Any CPU.Build.0 = Release|Any CPU
		{C67DD64D-4270-46E3-B494-DDC3656DA265}.Debug|Any CPU.ActiveCfg = Debug|Any CPU
		{C67DD64D-4270-46E3-B494-DDC3656DA265}.Debug|Any CPU.Build.0 = Debug|Any CPU
		{C67DD64D-4270-46E3-B494-DDC3656DA265}.Release|Any CPU.ActiveCfg = Release|Any CPU
		{C67DD64D-4270-46E3-B494-DDC3656DA265}.Release|Any CPU.Build.0 = Release|Any CPU
		{53FFD01C-0606-4630-99ED-E24CE0ECE874}.Debug|Any CPU.ActiveCfg = Debug|Any CPU
		{53FFD01C-0606-4630-99ED-E24CE0ECE874}.Debug|Any CPU.Build.0 = Debug|Any CPU
		{53FFD01C-0606-4630-99ED-E24CE0ECE874}.Release|Any CPU.ActiveCfg = Release|Any CPU
		{53FFD01C-0606-4630-99ED-E24CE0ECE874}.Release|Any CPU.Build.0 = Release|Any CPU
		{4613044B-A302-4CD2-A495-62A2E4E445FF}.Debug|Any CPU.ActiveCfg = Debug|Any CPU
		{4613044B-A302-4CD2-A495-62A2E4E445FF}.Debug|Any CPU.Build.0 = Debug|Any CPU
		{4613044B-A302-4CD2-A495-62A2E4E445FF}.Release|Any CPU.ActiveCfg = Release|Any CPU
		{4613044B-A302-4CD2-A495-62A2E4E445FF}.Release|Any CPU.Build.0 = Release|Any CPU
	EndGlobalSection
	GlobalSection(SolutionProperties) = preSolution
		HideSolutionNode = FALSE
	EndGlobalSection
	GlobalSection(ExtensibilityGlobals) = postSolution
		SolutionGuid = {1CFAEA35-3970-4B48-B110-00F049D3FA93}
	EndGlobalSection
EndGlobal
